
Microsoft Visual Studio Solution File, Format Version 12.00
# Visual Studio Version 17
VisualStudioVersion = 17.13.35825.156 d17.13
MinimumVisualStudioVersion = 10.0.40219.1
Project("{FAE04EC0-301F-11D3-BF4B-00C04F79EFBC}") = "tokoAPI", "tokoAPI\tokoAPI.csproj", "{DAE2785E-863C-4FC9-AB8E-FA599CE84376}"
EndProject
Global
	GlobalSection(SolutionConfigurationPlatforms) = preSolution
		Debug|Any CPU = Debug|Any CPU
		Release|Any CPU = Release|Any CPU
	EndGlobalSection
	GlobalSection(ProjectConfigurationPlatforms) = postSolution
		{DAE2785E-863C-4FC9-AB8E-FA599CE84376}.Debug|Any CPU.ActiveCfg = Debug|Any CPU
		{DAE2785E-863C-4FC9-AB8E-FA599CE84376}.Debug|Any CPU.Build.0 = Debug|Any CPU
		{DAE2785E-863C-4FC9-AB8E-FA599CE84376}.Release|Any CPU.ActiveCfg = Release|Any CPU
		{DAE2785E-863C-4FC9-AB8E-FA599CE84376}.Release|Any CPU.Build.0 = Release|Any CPU
	EndGlobalSection
	GlobalSection(SolutionProperties) = preSolution
		HideSolutionNode = FALSE
	EndGlobalSection
	GlobalSection(ExtensibilityGlobals) = postSolution
		SolutionGuid = {614738AE-F855-462A-ABDF-F9AB1097FFF1}
	EndGlobalSection
EndGlobal
